// !$*UTF8*$!
{
	archiveVersion = 1;
	classes = {
	};
	objectVersion = 46;
	objects = {

/* Begin PBXBuildFile section */
		B92448CB1DE5FEC800E46210 /* AppDelegate.swift in Sources */ = {isa = PBXBuildFile; fileRef = B92448CA1DE5FEC800E46210 /* AppDelegate.swift */; };
		B92448CD1DE5FEC800E46210 /* ViewController.swift in Sources */ = {isa = PBXBuildFile; fileRef = B92448CC1DE5FEC800E46210 /* ViewController.swift */; };
		B92448D01DE5FEC800E46210 /* Main.storyboard in Resources */ = {isa = PBXBuildFile; fileRef = B92448CE1DE5FEC800E46210 /* Main.storyboard */; };
		B92448D21DE5FEC800E46210 /* Assets.xcassets in Resources */ = {isa = PBXBuildFile; fileRef = B92448D11DE5FEC800E46210 /* Assets.xcassets */; };
		B92448D51DE5FEC800E46210 /* LaunchScreen.storyboard in Resources */ = {isa = PBXBuildFile; fileRef = B92448D31DE5FEC800E46210 /* LaunchScreen.storyboard */; };
		B92448DD1DE5FEE300E46210 /* circularProgressBarUIView.swift in Sources */ = {isa = PBXBuildFile; fileRef = B92448DC1DE5FEE300E46210 /* circularProgressBarUIView.swift */; };
/* End PBXBuildFile section */

/* Begin PBXFileReference section */
		B92448C71DE5FEC800E46210 /* circleProgressbar.app */ = {isa = PBXFileReference; explicitFileType = wrapper.application; includeInIndex = 0; path = circleProgressbar.app; sourceTree = BUILT_PRODUCTS_DIR; };
		B92448CA1DE5FEC800E46210 /* AppDelegate.swift */ = {isa = PBXFileReference; lastKnownFileType = sourcecode.swift; path = AppDelegate.swift; sourceTree = "<group>"; };
		B92448CC1DE5FEC800E46210 /* ViewController.swift */ = {isa = PBXFileReference; lastKnownFileType = sourcecode.swift; path = ViewController.swift; sourceTree = "<group>"; };
		B92448CF1DE5FEC800E46210 /* Base */ = {isa = PBXFileReference; lastKnownFileType = file.storyboard; name = Base; path = Base.lproj/Main.storyboard; sourceTree = "<group>"; };
		B92448D11DE5FEC800E46210 /* Assets.xcassets */ = {isa = PBXFileReference; lastKnownFileType = folder.assetcatalog; path = Assets.xcassets; sourceTree = "<group>"; };
		B92448D41DE5FEC800E46210 /* Base */ = {isa = PBXFileReference; lastKnownFileType = file.storyboard; name = Base; path = Base.lproj/LaunchScreen.storyboard; sourceTree = "<group>"; };
		B92448D61DE5FEC800E46210 /* Info.plist */ = {isa = PBXFileReference; lastKnownFileType = text.plist.xml; path = Info.plist; sourceTree = "<group>"; };
		B92448DC1DE5FEE300E46210 /* circularProgressBarUIView.swift */ = {isa = PBXFileReference; fileEncoding = 4; lastKnownFileType = sourcecode.swift; path = circularProgressBarUIView.swift; sourceTree = "<group>"; };
/* End PBXFileReference section */

/* Begin PBXFrameworksBuildPhase section */
		B92448C41DE5FEC800E46210 /* Frameworks */ = {
			isa = PBXFrameworksBuildPhase;
			buildActionMask = 2147483647;
			files = (
			);
			runOnlyForDeploymentPostprocessing = 0;
		};
/* End PBXFrameworksBuildPhase section */

/* Begin PBXGroup section */
		B92448BE1DE5FEC800E46210 = {
			isa = PBXGroup;
			children = (
				B92448C91DE5FEC800E46210 /* circleProgressbar */,
				B92448C81DE5FEC800E46210 /* Products */,
			);
			sourceTree = "<group>";
		};
		B92448C81DE5FEC800E46210 /* Products */ = {
			isa = PBXGroup;
			children = (
				B92448C71DE5FEC800E46210 /* circleProgressbar.app */,
			);
			name = Products;
			sourceTree = "<group>";
		};
		B92448C91DE5FEC800E46210 /* circleProgressbar */ = {
			isa = PBXGroup;
			children = (
				B92448CA1DE5FEC800E46210 /* AppDelegate.swift */,
				B92448CC1DE5FEC800E46210 /* ViewController.swift */,
				B92448DC1DE5FEE300E46210 /* circularProgressBarUIView.swift */,
				B92448CE1DE5FEC800E46210 /* Main.storyboard */,
				B92448D11DE5FEC800E46210 /* Assets.xcassets */,
				B92448D31DE5FEC800E46210 /* LaunchScreen.storyboard */,
				B92448D61DE5FEC800E46210 /* Info.plist */,
			);
			path = circleProgressbar;
			sourceTree = "<group>";
		};
/* End PBXGroup section */

/* Begin PBXNativeTarget section */
		B92448C61DE5FEC800E46210 /* circleProgressbar */ = {
			isa = PBXNativeTarget;
			buildConfigurationList = B92448D91DE5FEC800E46210 /* Build configuration list for PBXNativeTarget "circleProgressbar" */;
			buildPhases = (
				B92448C31DE5FEC800E46210 /* Sources */,
				B92448C41DE5FEC800E46210 /* Frameworks */,
				B92448C51DE5FEC800E46210 /* Resources */,
			);
			buildRules = (
			);
			dependencies = (
			);
			name = circleProgressbar;
			productName = circleProgressbar;
			productReference = B92448C71DE5FEC800E46210 /* circleProgressbar.app */;
			productType = "com.apple.product-type.application";
		};
/* End PBXNativeTarget section */

/* Begin PBXProject section */
		B92448BF1DE5FEC800E46210 /* Project object */ = {
			isa = PBXProject;
			attributes = {
				LastSwiftUpdateCheck = 0810;
				LastUpgradeCheck = 0810;
				ORGANIZATIONNAME = "Julian Schenkemeyer";
				TargetAttributes = {
					B92448C61DE5FEC800E46210 = {
						CreatedOnToolsVersion = 8.1;
						DevelopmentTeam = 8MD4CZRYZD;
						ProvisioningStyle = Automatic;
					};
				};
			};
			buildConfigurationList = B92448C21DE5FEC800E46210 /* Build configuration list for PBXProject "circleProgressbar" */;
			compatibilityVersion = "Xcode 3.2";
			developmentRegion = English;
			hasScannedForEncodings = 0;
			knownRegions = (
				en,
				Base,
			);
			mainGroup = B92448BE1DE5FEC800E46210;
			productRefGroup = B92448C81DE5FEC800E46210 /* Products */;
			projectDirPath = "";
			projectRoot = "";
			targets = (
				B92448C61DE5FEC800E46210 /* circleProgressbar */,
			);
		};
/* End PBXProject section */

/* Begin PBXResourcesBuildPhase section */
		B92448C51DE5FEC800E46210 /* Resources */ = {
			isa = PBXResourcesBuildPhase;
			buildActionMask = 2147483647;
			files = (
				B92448D51DE5FEC800E46210 /* LaunchScreen.storyboard in Resources */,
				B92448D21DE5FEC800E46210 /* Assets.xcassets in Resources */,
				B92448D01DE5FEC800E46210 /* Main.storyboard in Resources */,
			);
			runOnlyForDeploymentPostprocessing = 0;
		};
/* End PBXResourcesBuildPhase section */

/* Begin PBXSourcesBuildPhase section */
		B92448C31DE5FEC800E46210 /* Sources */ = {
			isa = PBXSourcesBuildPhase;
			buildActionMask = 2147483647;
			files = (
				B92448DD1DE5FEE300E46210 /* circularProgressBarUIView.swift in Sources */,
				B92448CD1DE5FEC800E46210 /* ViewController.swift in Sources */,
				B92448CB1DE5FEC800E46210 /* AppDelegate.swift in Sources */,
			);
			runOnlyForDeploymentPostprocessing = 0;
		};
/* End PBXSourcesBuildPhase section */

/* Begin PBXVariantGroup section */
		B92448CE1DE5FEC800E46210 /* Main.storyboard */ = {
			isa = PBXVariantGroup;
			children = (
				B92448CF1DE5FEC800E46210 /* Base */,
			);
			name = Main.storyboard;
			sourceTree = "<group>";
		};
		B92448D31DE5FEC800E46210 /* LaunchScreen.storyboard */ = {
			isa = PBXVariantGroup;
			children = (
				B92448D41DE5FEC800E46210 /* Base */,
			);
			name = LaunchScreen.storyboard;
			sourceTree = "<group>";
		};
/* End PBXVariantGroup section */

/* Begin XCBuildConfiguration section */
		B92448D71DE5FEC800E46210 /* Debug */ = {
			isa = XCBuildConfiguration;
			buildSettings = {
				ALWAYS_SEARCH_USER_PATHS = NO;
				CLANG_ANALYZER_NONNULL = YES;
				CLANG_CXX_LANGUAGE_STANDARD = "gnu++0x";
				CLANG_CXX_LIBRARY = "libc++";
				CLANG_ENABLE_MODULES = YES;
				CLANG_ENABLE_OBJC_ARC = YES;
				CLANG_WARN_BOOL_CONVERSION = YES;
				CLANG_WARN_CONSTANT_CONVERSION = YES;
				CLANG_WARN_DIRECT_OBJC_ISA_USAGE = YES_ERROR;
				CLANG_WARN_DOCUMENTATION_COMMENTS = YES;
				CLANG_WARN_EMPTY_BODY = YES;
				CLANG_WARN_ENUM_CONVERSION = YES;
				CLANG_WARN_INFINITE_RECURSION = YES;
				CLANG_WARN_INT_CONVERSION = YES;
				CLANG_WARN_OBJC_ROOT_CLASS = YES_ERROR;
				CLANG_WARN_SUSPICIOUS_MOVES = YES;
				CLANG_WARN_UNREACHABLE_CODE = YES;
				CLANG_WARN__DUPLICATE_METHOD_MATCH = YES;
				"CODE_SIGN_IDENTITY[sdk=iphoneos*]" = "iPhone Developer";
				COPY_PHASE_STRIP = NO;
				DEBUG_INFORMATION_FORMAT = dwarf;
				ENABLE_STRICT_OBJC_MSGSEND = YES;
				ENABLE_TESTABILITY = YES;
				GCC_C_LANGUAGE_STANDARD = gnu99;
				GCC_DYNAMIC_NO_PIC = NO;
				GCC_NO_COMMON_BLOCKS = YES;
				GCC_OPTIMIZATION_LEVEL = 0;
				GCC_PREPROCESSOR_DEFINITIONS = (
					"DEBUG=1",
					"$(inherited)",
				);
				GCC_WARN_64_TO_32_BIT_CONVERSION = YES;
				GCC_WARN_ABOUT_RETURN_TYPE = YES_ERROR;
				GCC_WARN_UNDECLARED_SELECTOR = YES;
				GCC_WARN_UNINITIALIZED_AUTOS = YES_AGGRESSIVE;
				GCC_WARN_UNUSED_FUNCTION = YES;
				GCC_WARN_UNUSED_VARIABLE = YES;
				IPHONEOS_DEPLOYMENT_TARGET = 10.1;
				MTL_ENABLE_DEBUG_INFO = YES;
				ONLY_ACTIVE_ARCH = YES;
				SDKROOT = iphoneos;
				SWIFT_ACTIVE_COMPILATION_CONDITIONS = DEBUG;
				SWIFT_OPTIMIZATION_LEVEL = "-Onone";
				TARGETED_DEVICE_FAMILY = "1,2";
			};
			name = Debug;
		};
		B92448D81DE5FEC800E46210 /* Release */ = {
			isa = XCBuildConfiguration;
			buildSettings = {
				ALWAYS_SEARCH_USER_PATHS = NO;
				CLANG_ANALYZER_NONNULL = YES;
				CLANG_CXX_LANGUAGE_STANDARD = "gnu++0x";
				CLANG_CXX_LIBRARY = "libc++";
				CLANG_ENABLE_MODULES = YES;
				CLANG_ENABLE_OBJC_ARC = YES;
				CLANG_WARN_BOOL_CONVERSION = YES;
				CLANG_WARN_CONSTANT_CONVERSION = YES;
				CLANG_WARN_DIRECT_OBJC_ISA_USAGE = YES_ERROR;
				CLANG_WARN_DOCUMENTATION_COMMENTS = YES;
				CLANG_WARN_EMPTY_BODY = YES;
				CLANG_WARN_ENUM_CONVERSION = YES;
				CLANG_WARN_INFINITE_RECURSION = YES;
				CLANG_WARN_INT_CONVERSION = YES;
				CLANG_WARN_OBJC_ROOT_CLASS = YES_ERROR;
				CLANG_WARN_SUSPICIOUS_MOVES = YES;
				CLANG_WARN_UNREACHABLE_CODE = YES;
				CLANG_WARN__DUPLICATE_METHOD_MATCH = YES;
				"CODE_SIGN_IDENTITY[sdk=iphoneos*]" = "iPhone Developer";
				COPY_PHASE_STRIP = NO;
				DEBUG_INFORMATION_FORMAT = "dwarf-with-dsym";
				ENABLE_NS_ASSERTIONS = NO;
				ENABLE_STRICT_OBJC_MSGSEND = YES;
				GCC_C_LANGUAGE_STANDARD = gnu99;
				GCC_NO_COMMON_BLOCKS = YES;
				GCC_WARN_64_TO_32_BIT_CONVERSION = YES;
				GCC_WARN_ABOUT_RETURN_TYPE = YES_ERROR;
				GCC_WARN_UNDECLARED_SELECTOR = YES;
				GCC_WARN_UNINITIALIZED_AUTOS = YES_AGGRESSIVE;
				GCC_WARN_UNUSED_FUNCTION = YES;
				GCC_WARN_UNUSED_VARIABLE = YES;
				IPHONEOS_DEPLOYMENT_TARGET = 10.1;
				MTL_ENABLE_DEBUG_INFO = NO;
				SDKROOT = iphoneos;
				SWIFT_OPTIMIZATION_LEVEL = "-Owholemodule";
				TARGETED_DEVICE_FAMILY = "1,2";
				VALIDATE_PRODUCT = YES;
			};
			name = Release;
		};
		B92448DA1DE5FEC800E46210 /* Debug */ = {
			isa = XCBuildConfiguration;
			buildSettings = {
				ASSETCATALOG_COMPILER_APPICON_NAME = AppIcon;
				DEVELOPMENT_TEAM = 8MD4CZRYZD;
				INFOPLIST_FILE = circleProgressbar/Info.plist;
				LD_RUNPATH_SEARCH_PATHS = "$(inherited) @executable_path/Frameworks";
				PRODUCT_BUNDLE_IDENTIFIER = schenkemeyer.julian.circleProgressbar;
				PRODUCT_NAME = "$(TARGET_NAME)";
				SWIFT_VERSION = 3.0;
			};
			name = Debug;
		};
		B92448DB1DE5FEC800E46210 /* Release */ = {
			isa = XCBuildConfiguration;
			buildSettings = {
				ASSETCATALOG_COMPILER_APPICON_NAME = AppIcon;
				DEVELOPMENT_TEAM = 8MD4CZRYZD;
				INFOPLIST_FILE = circleProgressbar/Info.plist;
				LD_RUNPATH_SEARCH_PATHS = "$(inherited) @executable_path/Frameworks";
				PRODUCT_BUNDLE_IDENTIFIER = schenkemeyer.julian.circleProgressbar;
				PRODUCT_NAME = "$(TARGET_NAME)";
				SWIFT_VERSION = 3.0;
			};
			name = Release;
		};
/* End XCBuildConfiguration section */

/* Begin XCConfigurationList section */
		B92448C21DE5FEC800E46210 /* Build configuration list for PBXProject "circleProgressbar" */ = {
			isa = XCConfigurationList;
			buildConfigurations = (
				B92448D71DE5FEC800E46210 /* Debug */,
				B92448D81DE5FEC800E46210 /* Release */,
			);
			defaultConfigurationIsVisible = 0;
			defaultConfigurationName = Release;
		};
		B92448D91DE5FEC800E46210 /* Build configuration list for PBXNativeTarget "circleProgressbar" */ = {
			isa = XCConfigurationList;
			buildConfigurations = (
				B92448DA1DE5FEC800E46210 /* Debug */,
				B92448DB1DE5FEC800E46210 /* Release */,
			);
			defaultConfigurationIsVisible = 0;
		};
/* End XCConfigurationList section */
	};
	rootObject = B92448BF1DE5FEC800E46210 /* Project object */;
}
